
Microsoft Visual Studio Solution File, Format Version 12.00
# Visual Studio 2012
Project("{FAE04EC0-301F-11D3-BF4B-00C04F79EFBC}") = "MongoBlog.Web", "MongoBlog.Web\MongoBlog.Web.csproj", "{1E6D3503-57C2-4369-903C-70A39661C995}"
EndProject
Global
	GlobalSection(SolutionConfigurationPlatforms) = preSolution
		Debug|Any CPU = Debug|Any CPU
		Release|Any CPU = Release|Any CPU
	EndGlobalSection
	GlobalSection(ProjectConfigurationPlatforms) = postSolution
		{1E6D3503-57C2-4369-903C-70A39661C995}.Debug|Any CPU.ActiveCfg = Debug|Any CPU
		{1E6D3503-57C2-4369-903C-70A39661C995}.Debug|Any CPU.Build.0 = Debug|Any CPU
		{1E6D3503-57C2-4369-903C-70A39661C995}.Release|Any CPU.ActiveCfg = Release|Any CPU
		{1E6D3503-57C2-4369-903C-70A39661C995}.Release|Any CPU.Build.0 = Release|Any CPU
	EndGlobalSection
	GlobalSection(SolutionProperties) = preSolution
		HideSolutionNode = FALSE
	EndGlobalSection
EndGlobal
